
Microsoft Visual Studio Solution File, Format Version 12.00
# Visual Studio Version 17
VisualStudioVersion = 17.10.35004.147
MinimumVisualStudioVersion = 10.0.40219.1
Project("{FAE04EC0-301F-11D3-BF4B-00C04F79EFBC}") = "PRN231_FALL2024_GROUP6_API", "PRN231_FALL2024_GROUP6_API\PRN231_FALL2024_GROUP6_API.csproj", "{303A7AFE-3D0C-4E98-A0C8-FC2B44207F49}"
EndProject
Global
	GlobalSection(SolutionConfigurationPlatforms) = preSolution
		Debug|Any CPU = Debug|Any CPU
		Release|Any CPU = Release|Any CPU
	EndGlobalSection
	GlobalSection(ProjectConfigurationPlatforms) = postSolution
		{303A7AFE-3D0C-4E98-A0C8-FC2B44207F49}.Debug|Any CPU.ActiveCfg = Debug|Any CPU
		{303A7AFE-3D0C-4E98-A0C8-FC2B44207F49}.Debug|Any CPU.Build.0 = Debug|Any CPU
		{303A7AFE-3D0C-4E98-A0C8-FC2B44207F49}.Release|Any CPU.ActiveCfg = Release|Any CPU
		{303A7AFE-3D0C-4E98-A0C8-FC2B44207F49}.Release|Any CPU.Build.0 = Release|Any CPU
	EndGlobalSection
	GlobalSection(SolutionProperties) = preSolution
		HideSolutionNode = FALSE
	EndGlobalSection
	GlobalSection(ExtensibilityGlobals) = postSolution
		SolutionGuid = {60EBD667-67A6-44D6-86D4-D2913C92000C}
	EndGlobalSection
EndGlobal
